{
  "name": "users",
  "version": "1.0.0",
  "lockfileVersion": 1,
  "requires": true,
  "dependencies": {
    "c4console": {
      "version": "1.0.9",
      "resolved": "https://registry.npmjs.org/c4console/-/c4console-1.0.9.tgz",
      "integrity": "sha512-nPLY9nKuoxzZ+eXemHKNl/TIkJMVezq2YBg+xWNmUBpoAE/6/Ncsq6hRtxMZ1b4BoA9wENeue2wDvKpMKN94mw=="
    },
    "node-web-server-with-stuff": {
      "version": "1.2.5",
      "resolved": "https://registry.npmjs.org/node-web-server-with-stuff/-/node-web-server-with-stuff-1.2.5.tgz",
      "integrity": "sha512-/q8UGu/GC0elVC0AVCQYZWYW8ORxOsEu9EhHDzYHrfQc4vocttPCfKvIL1WR/L0F7XjcVh2bxmMrXIlWYEOXEA==",
      "requires": {
        "c4console": "^1.0.9",
        "up2require": "^1.3.0"
      }
    },
    "up2require": {
      "version": "1.3.0",
      "resolved": "https://registry.npmjs.org/up2require/-/up2require-1.3.0.tgz",
      "integrity": "sha512-O2mG3xNLJ05EBzR+nTXLBi6bFxDiRcm9LA7DXJXc3br+Iop6aArl2MIihBqD3mRJ3w2PeRLvLBHzFwGbzJMF5A=="
    }
  }
}
